
Microsoft Visual Studio Solution File, Format Version 12.00
# Visual Studio Version 16
VisualStudioVersion = 16.0.29905.134
MinimumVisualStudioVersion = 10.0.40219.1
Project("{FAE04EC0-301F-11D3-BF4B-00C04F79EFBC}") = "BIED.Messaging", "BIED.Messaging\BIED.Messaging.csproj", "{7750A814-18E2-405D-AA34-570D76805FE6}"
EndProject
Project("{FAE04EC0-301F-11D3-BF4B-00C04F79EFBC}") = "BIED.Messaging.ConsumerExample", "BIED.Messaging.ConsumerExample\BIED.Messaging.ConsumerExample.csproj", "{C1573B34-1AF1-4D1B-9A11-2B7428916509}"
EndProject
Project("{FAE04EC0-301F-11D3-BF4B-00C04F79EFBC}") = "BIED.Messaging.ProducerExample", "BIED.Messaging.ProducerExample\BIED.Messaging.ProducerExample.csproj", "{1E3FB0DE-29B2-416B-8CAB-4A9473772E4A}"
EndProject
Global
	GlobalSection(SolutionConfigurationPlatforms) = preSolution
		Debug|Any CPU = Debug|Any CPU
		Release|Any CPU = Release|Any CPU
	EndGlobalSection
	GlobalSection(ProjectConfigurationPlatforms) = postSolution
		{7750A814-18E2-405D-AA34-570D76805FE6}.Debug|Any CPU.ActiveCfg = Debug|Any CPU
		{7750A814-18E2-405D-AA34-570D76805FE6}.Debug|Any CPU.Build.0 = Debug|Any CPU
		{7750A814-18E2-405D-AA34-570D76805FE6}.Release|Any CPU.ActiveCfg = Release|Any CPU
		{7750A814-18E2-405D-AA34-570D76805FE6}.Release|Any CPU.Build.0 = Release|Any CPU
		{C1573B34-1AF1-4D1B-9A11-2B7428916509}.Debug|Any CPU.ActiveCfg = Debug|Any CPU
		{C1573B34-1AF1-4D1B-9A11-2B7428916509}.Debug|Any CPU.Build.0 = Debug|Any CPU
		{C1573B34-1AF1-4D1B-9A11-2B7428916509}.Release|Any CPU.ActiveCfg = Release|Any CPU
		{C1573B34-1AF1-4D1B-9A11-2B7428916509}.Release|Any CPU.Build.0 = Release|Any CPU
		{1E3FB0DE-29B2-416B-8CAB-4A9473772E4A}.Debug|Any CPU.ActiveCfg = Debug|Any CPU
		{1E3FB0DE-29B2-416B-8CAB-4A9473772E4A}.Debug|Any CPU.Build.0 = Debug|Any CPU
		{1E3FB0DE-29B2-416B-8CAB-4A9473772E4A}.Release|Any CPU.ActiveCfg = Release|Any CPU
		{1E3FB0DE-29B2-416B-8CAB-4A9473772E4A}.Release|Any CPU.Build.0 = Release|Any CPU
	EndGlobalSection
	GlobalSection(SolutionProperties) = preSolution
		HideSolutionNode = FALSE
	EndGlobalSection
	GlobalSection(ExtensibilityGlobals) = postSolution
		SolutionGuid = {EEEA6745-EDE0-4DDA-92AF-F2735EE6FCBB}
	EndGlobalSection
EndGlobal
